{
  "name": "henkan-fasuto",
  "version": "1.0.0",
  "lockfileVersion": 2,
  "requires": true,
  "packages": {
    "": {
      "name": "henkan-fasuto",
      "version": "1.0.0",
      "license": "ISC",
      "dependencies": {
        "node-ebook-converter": "1.0.11"
      }
    },
    "node_modules/node-ebook-converter": {
      "version": "1.0.11",
      "resolved": "https://registry.npmjs.org/node-ebook-converter/-/node-ebook-converter-1.0.11.tgz",
      "integrity": "sha512-zHamSN++naXMWe+C/Z6VNwLIl0WpNW1b5o/vp6zrcp6BEINlZAoGfRt3lWNloBHfPOuVqECN+o2mpfgZGreJjQ=="
    }
  },
  "dependencies": {
    "node-ebook-converter": {
      "version": "1.0.11",
      "resolved": "https://registry.npmjs.org/node-ebook-converter/-/node-ebook-converter-1.0.11.tgz",
      "integrity": "sha512-zHamSN++naXMWe+C/Z6VNwLIl0WpNW1b5o/vp6zrcp6BEINlZAoGfRt3lWNloBHfPOuVqECN+o2mpfgZGreJjQ=="
    }
  }
}
